// !$*UTF8*$!
{
	archiveVersion = 1;
	classes = {
	};
	objectVersion = 50;
	objects = {

/* Begin PBXBuildFile section */
		41E68556215E817A00648E0A /* NetworkEngineMock.swift in Sources */ = {isa = PBXBuildFile; fileRef = 41E68555215E817A00648E0A /* NetworkEngineMock.swift */; };
		B911F06C215D699200A86318 /* AppDelegate.swift in Sources */ = {isa = PBXBuildFile; fileRef = B911F06B215D699200A86318 /* AppDelegate.swift */; };
		B911F06E215D699200A86318 /* ViewController.swift in Sources */ = {isa = PBXBuildFile; fileRef = B911F06D215D699200A86318 /* ViewController.swift */; };
		B911F071215D699200A86318 /* Main.storyboard in Resources */ = {isa = PBXBuildFile; fileRef = B911F06F215D699200A86318 /* Main.storyboard */; };
		B911F073215D699800A86318 /* Assets.xcassets in Resources */ = {isa = PBXBuildFile; fileRef = B911F072215D699800A86318 /* Assets.xcassets */; };
		B911F076215D699800A86318 /* LaunchScreen.storyboard in Resources */ = {isa = PBXBuildFile; fileRef = B911F074215D699800A86318 /* LaunchScreen.storyboard */; };
		B911F081215D699800A86318 /* _0180927_TurzoEsfar_NYCSchoolsTests.swift in Sources */ = {isa = PBXBuildFile; fileRef = B911F080215D699800A86318 /* _0180927_TurzoEsfar_NYCSchoolsTests.swift */; };
		B911F090215D6AC400A86318 /* NycSchoolModel.swift in Sources */ = {isa = PBXBuildFile; fileRef = B911F08F215D6AC400A86318 /* NycSchoolModel.swift */; };
		B911F092215D6DEC00A86318 /* DataLoader.swift in Sources */ = {isa = PBXBuildFile; fileRef = B911F091215D6DEC00A86318 /* DataLoader.swift */; };
		B911F094215D8C1200A86318 /* NYCSchoolSATModel.swift in Sources */ = {isa = PBXBuildFile; fileRef = B911F093215D8C1200A86318 /* NYCSchoolSATModel.swift */; };
		B911F096215DA21300A86318 /* NYCSchoolsTableViewCell.swift in Sources */ = {isa = PBXBuildFile; fileRef = B911F095215DA21300A86318 /* NYCSchoolsTableViewCell.swift */; };
		B911F098215DA2BB00A86318 /* DetailsViewController.swift in Sources */ = {isa = PBXBuildFile; fileRef = B911F097215DA2BB00A86318 /* DetailsViewController.swift */; };
		B911F09A215DA6ED00A86318 /* MainTableViewModel.swift in Sources */ = {isa = PBXBuildFile; fileRef = B911F099215DA6ED00A86318 /* MainTableViewModel.swift */; };
		B911F09C215DA70800A86318 /* DetailsViewModel.swift in Sources */ = {isa = PBXBuildFile; fileRef = B911F09B215DA70800A86318 /* DetailsViewModel.swift */; };
		B911F09F215DC8E300A86318 /* Utility.swift in Sources */ = {isa = PBXBuildFile; fileRef = B911F09E215DC8E300A86318 /* Utility.swift */; };
		B911F0A2215E5F0400A86318 /* ReachabilityChecker.swift in Sources */ = {isa = PBXBuildFile; fileRef = B911F0A1215E5F0400A86318 /* ReachabilityChecker.swift */; };
/* End PBXBuildFile section */

/* Begin PBXContainerItemProxy section */
		B911F07D215D699800A86318 /* PBXContainerItemProxy */ = {
			isa = PBXContainerItemProxy;
			containerPortal = B911F060215D699200A86318 /* Project object */;
			proxyType = 1;
			remoteGlobalIDString = B911F067215D699200A86318;
			remoteInfo = "20180927-TurzoEsfar-NYCSchools";
		};
/* End PBXContainerItemProxy section */

/* Begin PBXFileReference section */
		41E68555215E817A00648E0A /* NetworkEngineMock.swift */ = {isa = PBXFileReference; lastKnownFileType = sourcecode.swift; path = NetworkEngineMock.swift; sourceTree = "<group>"; };
		B911F068215D699200A86318 /* 20180927-TurzoEsfar-NYCSchools.app */ = {isa = PBXFileReference; explicitFileType = wrapper.application; includeInIndex = 0; path = "20180927-TurzoEsfar-NYCSchools.app"; sourceTree = BUILT_PRODUCTS_DIR; };
		B911F06B215D699200A86318 /* AppDelegate.swift */ = {isa = PBXFileReference; lastKnownFileType = sourcecode.swift; path = AppDelegate.swift; sourceTree = "<group>"; };
		B911F06D215D699200A86318 /* ViewController.swift */ = {isa = PBXFileReference; lastKnownFileType = sourcecode.swift; path = ViewController.swift; sourceTree = "<group>"; };
		B911F070215D699200A86318 /* Base */ = {isa = PBXFileReference; lastKnownFileType = file.storyboard; name = Base; path = Base.lproj/Main.storyboard; sourceTree = "<group>"; };
		B911F072215D699800A86318 /* Assets.xcassets */ = {isa = PBXFileReference; lastKnownFileType = folder.assetcatalog; path = Assets.xcassets; sourceTree = "<group>"; };
		B911F075215D699800A86318 /* Base */ = {isa = PBXFileReference; lastKnownFileType = file.storyboard; name = Base; path = Base.lproj/LaunchScreen.storyboard; sourceTree = "<group>"; };
		B911F077215D699800A86318 /* Info.plist */ = {isa = PBXFileReference; lastKnownFileType = text.plist.xml; path = Info.plist; sourceTree = "<group>"; };
		B911F07C215D699800A86318 /* 20180927-TurzoEsfar-NYCSchoolsTests.xctest */ = {isa = PBXFileReference; explicitFileType = wrapper.cfbundle; includeInIndex = 0; path = "20180927-TurzoEsfar-NYCSchoolsTests.xctest"; sourceTree = BUILT_PRODUCTS_DIR; };
		B911F080215D699800A86318 /* _0180927_TurzoEsfar_NYCSchoolsTests.swift */ = {isa = PBXFileReference; lastKnownFileType = sourcecode.swift; path = _0180927_TurzoEsfar_NYCSchoolsTests.swift; sourceTree = "<group>"; };
		B911F082215D699800A86318 /* Info.plist */ = {isa = PBXFileReference; lastKnownFileType = text.plist.xml; path = Info.plist; sourceTree = "<group>"; };
		B911F08F215D6AC400A86318 /* NycSchoolModel.swift */ = {isa = PBXFileReference; lastKnownFileType = sourcecode.swift; path = NycSchoolModel.swift; sourceTree = "<group>"; };
		B911F091215D6DEC00A86318 /* DataLoader.swift */ = {isa = PBXFileReference; lastKnownFileType = sourcecode.swift; path = DataLoader.swift; sourceTree = "<group>"; };
		B911F093215D8C1200A86318 /* NYCSchoolSATModel.swift */ = {isa = PBXFileReference; lastKnownFileType = sourcecode.swift; path = NYCSchoolSATModel.swift; sourceTree = "<group>"; };
		B911F095215DA21300A86318 /* NYCSchoolsTableViewCell.swift */ = {isa = PBXFileReference; lastKnownFileType = sourcecode.swift; path = NYCSchoolsTableViewCell.swift; sourceTree = "<group>"; };
		B911F097215DA2BB00A86318 /* DetailsViewController.swift */ = {isa = PBXFileReference; lastKnownFileType = sourcecode.swift; path = DetailsViewController.swift; sourceTree = "<group>"; };
		B911F099215DA6ED00A86318 /* MainTableViewModel.swift */ = {isa = PBXFileReference; lastKnownFileType = sourcecode.swift; path = MainTableViewModel.swift; sourceTree = "<group>"; };
		B911F09B215DA70800A86318 /* DetailsViewModel.swift */ = {isa = PBXFileReference; lastKnownFileType = sourcecode.swift; path = DetailsViewModel.swift; sourceTree = "<group>"; };
		B911F09E215DC8E300A86318 /* Utility.swift */ = {isa = PBXFileReference; lastKnownFileType = sourcecode.swift; path = Utility.swift; sourceTree = "<group>"; };
		B911F0A1215E5F0400A86318 /* ReachabilityChecker.swift */ = {isa = PBXFileReference; lastKnownFileType = sourcecode.swift; path = ReachabilityChecker.swift; sourceTree = "<group>"; };
/* End PBXFileReference section */

/* Begin PBXFrameworksBuildPhase section */
		B911F065215D699200A86318 /* Frameworks */ = {
			isa = PBXFrameworksBuildPhase;
			buildActionMask = 2147483647;
			files = (
			);
			runOnlyForDeploymentPostprocessing = 0;
		};
		B911F079215D699800A86318 /* Frameworks */ = {
			isa = PBXFrameworksBuildPhase;
			buildActionMask = 2147483647;
			files = (
			);
			runOnlyForDeploymentPostprocessing = 0;
		};
/* End PBXFrameworksBuildPhase section */

/* Begin PBXGroup section */
		41E68554215E809D00648E0A /* Views */ = {
			isa = PBXGroup;
			children = (
				B911F095215DA21300A86318 /* NYCSchoolsTableViewCell.swift */,
			);
			path = Views;
			sourceTree = "<group>";
		};
		B911F05F215D699100A86318 = {
			isa = PBXGroup;
			children = (
				B911F06A215D699200A86318 /* 20180927-TurzoEsfar-NYCSchools */,
				B911F07F215D699800A86318 /* 20180927-TurzoEsfar-NYCSchoolsTests */,
				B911F069215D699200A86318 /* Products */,
			);
			sourceTree = "<group>";
		};
		B911F069215D699200A86318 /* Products */ = {
			isa = PBXGroup;
			children = (
				B911F068215D699200A86318 /* 20180927-TurzoEsfar-NYCSchools.app */,
				B911F07C215D699800A86318 /* 20180927-TurzoEsfar-NYCSchoolsTests.xctest */,
			);
			name = Products;
			sourceTree = "<group>";
		};
		B911F06A215D699200A86318 /* 20180927-TurzoEsfar-NYCSchools */ = {
			isa = PBXGroup;
			children = (
				B911F0A0215E5DC700A86318 /* NetWorkHandlers */,
				B911F09D215DC8C900A86318 /* Utility */,
				B911F08E215D6A0900A86318 /* StoryBoards */,
				B911F08B215D69C800A86318 /* Model */,
				B911F08C215D69D800A86318 /* ViewModel */,
				B911F08D215D69E600A86318 /* ViewControllers */,
				41E68554215E809D00648E0A /* Views */,
				B911F06B215D699200A86318 /* AppDelegate.swift */,
				B911F072215D699800A86318 /* Assets.xcassets */,
				B911F077215D699800A86318 /* Info.plist */,
			);
			path = "20180927-TurzoEsfar-NYCSchools";
			sourceTree = "<group>";
		};
		B911F07F215D699800A86318 /* 20180927-TurzoEsfar-NYCSchoolsTests */ = {
			isa = PBXGroup;
			children = (
				B911F080215D699800A86318 /* _0180927_TurzoEsfar_NYCSchoolsTests.swift */,
				B911F082215D699800A86318 /* Info.plist */,
				41E68555215E817A00648E0A /* NetworkEngineMock.swift */,
			);
			path = "20180927-TurzoEsfar-NYCSchoolsTests";
			sourceTree = "<group>";
		};
		B911F08B215D69C800A86318 /* Model */ = {
			isa = PBXGroup;
			children = (
				B911F08F215D6AC400A86318 /* NycSchoolModel.swift */,
				B911F093215D8C1200A86318 /* NYCSchoolSATModel.swift */,
			);
			path = Model;
			sourceTree = "<group>";
		};
		B911F08C215D69D800A86318 /* ViewModel */ = {
			isa = PBXGroup;
			children = (
				B911F099215DA6ED00A86318 /* MainTableViewModel.swift */,
				B911F09B215DA70800A86318 /* DetailsViewModel.swift */,
			);
			path = ViewModel;
			sourceTree = "<group>";
		};
		B911F08D215D69E600A86318 /* ViewControllers */ = {
			isa = PBXGroup;
			children = (
				B911F097215DA2BB00A86318 /* DetailsViewController.swift */,
				B911F06D215D699200A86318 /* ViewController.swift */,
			);
			path = ViewControllers;
			sourceTree = "<group>";
		};
		B911F08E215D6A0900A86318 /* StoryBoards */ = {
			isa = PBXGroup;
			children = (
				B911F06F215D699200A86318 /* Main.storyboard */,
				B911F074215D699800A86318 /* LaunchScreen.storyboard */,
			);
			path = StoryBoards;
			sourceTree = "<group>";
		};
		B911F09D215DC8C900A86318 /* Utility */ = {
			isa = PBXGroup;
			children = (
				B911F09E215DC8E300A86318 /* Utility.swift */,
			);
			path = Utility;
			sourceTree = "<group>";
		};
		B911F0A0215E5DC700A86318 /* NetWorkHandlers */ = {
			isa = PBXGroup;
			children = (
				B911F091215D6DEC00A86318 /* DataLoader.swift */,
				B911F0A1215E5F0400A86318 /* ReachabilityChecker.swift */,
			);
			path = NetWorkHandlers;
			sourceTree = "<group>";
		};
/* End PBXGroup section */

/* Begin PBXNativeTarget section */
		B911F067215D699200A86318 /* 20180927-TurzoEsfar-NYCSchools */ = {
			isa = PBXNativeTarget;
			buildConfigurationList = B911F085215D699800A86318 /* Build configuration list for PBXNativeTarget "20180927-TurzoEsfar-NYCSchools" */;
			buildPhases = (
				B911F064215D699200A86318 /* Sources */,
				B911F065215D699200A86318 /* Frameworks */,
				B911F066215D699200A86318 /* Resources */,
			);
			buildRules = (
			);
			dependencies = (
			);
			name = "20180927-TurzoEsfar-NYCSchools";
			productName = "20180927-TurzoEsfar-NYCSchools";
			productReference = B911F068215D699200A86318 /* 20180927-TurzoEsfar-NYCSchools.app */;
			productType = "com.apple.product-type.application";
		};
		B911F07B215D699800A86318 /* 20180927-TurzoEsfar-NYCSchoolsTests */ = {
			isa = PBXNativeTarget;
			buildConfigurationList = B911F088215D699800A86318 /* Build configuration list for PBXNativeTarget "20180927-TurzoEsfar-NYCSchoolsTests" */;
			buildPhases = (
				B911F078215D699800A86318 /* Sources */,
				B911F079215D699800A86318 /* Frameworks */,
				B911F07A215D699800A86318 /* Resources */,
			);
			buildRules = (
			);
			dependencies = (
				B911F07E215D699800A86318 /* PBXTargetDependency */,
			);
			name = "20180927-TurzoEsfar-NYCSchoolsTests";
			productName = "20180927-TurzoEsfar-NYCSchoolsTests";
			productReference = B911F07C215D699800A86318 /* 20180927-TurzoEsfar-NYCSchoolsTests.xctest */;
			productType = "com.apple.product-type.bundle.unit-test";
		};
/* End PBXNativeTarget section */

/* Begin PBXProject section */
		B911F060215D699200A86318 /* Project object */ = {
			isa = PBXProject;
			attributes = {
				LastSwiftUpdateCheck = 0940;
				LastUpgradeCheck = 0940;
				ORGANIZATIONNAME = "AM Esfar-E-Alam";
				TargetAttributes = {
					B911F067215D699200A86318 = {
						CreatedOnToolsVersion = 9.4.1;
					};
					B911F07B215D699800A86318 = {
						CreatedOnToolsVersion = 9.4.1;
						TestTargetID = B911F067215D699200A86318;
					};
				};
			};
			buildConfigurationList = B911F063215D699200A86318 /* Build configuration list for PBXProject "20180927-TurzoEsfar-NYCSchools" */;
			compatibilityVersion = "Xcode 9.3";
			developmentRegion = en;
			hasScannedForEncodings = 0;
			knownRegions = (
				en,
				Base,
			);
			mainGroup = B911F05F215D699100A86318;
			productRefGroup = B911F069215D699200A86318 /* Products */;
			projectDirPath = "";
			projectRoot = "";
			targets = (
				B911F067215D699200A86318 /* 20180927-TurzoEsfar-NYCSchools */,
				B911F07B215D699800A86318 /* 20180927-TurzoEsfar-NYCSchoolsTests */,
			);
		};
/* End PBXProject section */

/* Begin PBXResourcesBuildPhase section */
		B911F066215D699200A86318 /* Resources */ = {
			isa = PBXResourcesBuildPhase;
			buildActionMask = 2147483647;
			files = (
				B911F076215D699800A86318 /* LaunchScreen.storyboard in Resources */,
				B911F073215D699800A86318 /* Assets.xcassets in Resources */,
				B911F071215D699200A86318 /* Main.storyboard in Resources */,
			);
			runOnlyForDeploymentPostprocessing = 0;
		};
		B911F07A215D699800A86318 /* Resources */ = {
			isa = PBXResourcesBuildPhase;
			buildActionMask = 2147483647;
			files = (
			);
			runOnlyForDeploymentPostprocessing = 0;
		};
/* End PBXResourcesBuildPhase section */

/* Begin PBXSourcesBuildPhase section */
		B911F064215D699200A86318 /* Sources */ = {
			isa = PBXSourcesBuildPhase;
			buildActionMask = 2147483647;
			files = (
				B911F09F215DC8E300A86318 /* Utility.swift in Sources */,
				B911F06E215D699200A86318 /* ViewController.swift in Sources */,
				B911F090215D6AC400A86318 /* NycSchoolModel.swift in Sources */,
				B911F096215DA21300A86318 /* NYCSchoolsTableViewCell.swift in Sources */,
				B911F092215D6DEC00A86318 /* DataLoader.swift in Sources */,
				B911F09A215DA6ED00A86318 /* MainTableViewModel.swift in Sources */,
				B911F098215DA2BB00A86318 /* DetailsViewController.swift in Sources */,
				B911F094215D8C1200A86318 /* NYCSchoolSATModel.swift in Sources */,
				B911F0A2215E5F0400A86318 /* ReachabilityChecker.swift in Sources */,
				B911F06C215D699200A86318 /* AppDelegate.swift in Sources */,
				B911F09C215DA70800A86318 /* DetailsViewModel.swift in Sources */,
			);
			runOnlyForDeploymentPostprocessing = 0;
		};
		B911F078215D699800A86318 /* Sources */ = {
			isa = PBXSourcesBuildPhase;
			buildActionMask = 2147483647;
			files = (
				41E68556215E817A00648E0A /* NetworkEngineMock.swift in Sources */,
				B911F081215D699800A86318 /* _0180927_TurzoEsfar_NYCSchoolsTests.swift in Sources */,
			);
			runOnlyForDeploymentPostprocessing = 0;
		};
/* End PBXSourcesBuildPhase section */

/* Begin PBXTargetDependency section */
		B911F07E215D699800A86318 /* PBXTargetDependency */ = {
			isa = PBXTargetDependency;
			target = B911F067215D699200A86318 /* 20180927-TurzoEsfar-NYCSchools */;
			targetProxy = B911F07D215D699800A86318 /* PBXContainerItemProxy */;
		};
/* End PBXTargetDependency section */

/* Begin PBXVariantGroup section */
		B911F06F215D699200A86318 /* Main.storyboard */ = {
			isa = PBXVariantGroup;
			children = (
				B911F070215D699200A86318 /* Base */,
			);
			name = Main.storyboard;
			sourceTree = "<group>";
		};
		B911F074215D699800A86318 /* LaunchScreen.storyboard */ = {
			isa = PBXVariantGroup;
			children = (
				B911F075215D699800A86318 /* Base */,
			);
			name = LaunchScreen.storyboard;
			sourceTree = "<group>";
		};
/* End PBXVariantGroup section */

/* Begin XCBuildConfiguration section */
		B911F083215D699800A86318 /* Debug */ = {
			isa = XCBuildConfiguration;
			buildSettings = {
				ALWAYS_SEARCH_USER_PATHS = NO;
				CLANG_ANALYZER_NONNULL = YES;
				CLANG_ANALYZER_NUMBER_OBJECT_CONVERSION = YES_AGGRESSIVE;
				CLANG_CXX_LANGUAGE_STANDARD = "gnu++14";
				CLANG_CXX_LIBRARY = "libc++";
				CLANG_ENABLE_MODULES = YES;
				CLANG_ENABLE_OBJC_ARC = YES;
				CLANG_ENABLE_OBJC_WEAK = YES;
				CLANG_WARN_BLOCK_CAPTURE_AUTORELEASING = YES;
				CLANG_WARN_BOOL_CONVERSION = YES;
				CLANG_WARN_COMMA = YES;
				CLANG_WARN_CONSTANT_CONVERSION = YES;
				CLANG_WARN_DEPRECATED_OBJC_IMPLEMENTATIONS = YES;
				CLANG_WARN_DIRECT_OBJC_ISA_USAGE = YES_ERROR;
				CLANG_WARN_DOCUMENTATION_COMMENTS = YES;
				CLANG_WARN_EMPTY_BODY = YES;
				CLANG_WARN_ENUM_CONVERSION = YES;
				CLANG_WARN_INFINITE_RECURSION = YES;
				CLANG_WARN_INT_CONVERSION = YES;
				CLANG_WARN_NON_LITERAL_NULL_CONVERSION = YES;
				CLANG_WARN_OBJC_IMPLICIT_RETAIN_SELF = YES;
				CLANG_WARN_OBJC_LITERAL_CONVERSION = YES;
				CLANG_WARN_OBJC_ROOT_CLASS = YES_ERROR;
				CLANG_WARN_RANGE_LOOP_ANALYSIS = YES;
				CLANG_WARN_STRICT_PROTOTYPES = YES;
				CLANG_WARN_SUSPICIOUS_MOVE = YES;
				CLANG_WARN_UNGUARDED_AVAILABILITY = YES_AGGRESSIVE;
				CLANG_WARN_UNREACHABLE_CODE = YES;
				CLANG_WARN__DUPLICATE_METHOD_MATCH = YES;
				CODE_SIGN_IDENTITY = "iPhone Developer";
				COPY_PHASE_STRIP = NO;
				DEBUG_INFORMATION_FORMAT = dwarf;
				ENABLE_STRICT_OBJC_MSGSEND = YES;
				ENABLE_TESTABILITY = YES;
				GCC_C_LANGUAGE_STANDARD = gnu11;
				GCC_DYNAMIC_NO_PIC = NO;
				GCC_NO_COMMON_BLOCKS = YES;
				GCC_OPTIMIZATION_LEVEL = 0;
				GCC_PREPROCESSOR_DEFINITIONS = (
					"DEBUG=1",
					"$(inherited)",
				);
				GCC_WARN_64_TO_32_BIT_CONVERSION = YES;
				GCC_WARN_ABOUT_RETURN_TYPE = YES_ERROR;
				GCC_WARN_UNDECLARED_SELECTOR = YES;
				GCC_WARN_UNINITIALIZED_AUTOS = YES_AGGRESSIVE;
				GCC_WARN_UNUSED_FUNCTION = YES;
				GCC_WARN_UNUSED_VARIABLE = YES;
				IPHONEOS_DEPLOYMENT_TARGET = 11.4;
				MTL_ENABLE_DEBUG_INFO = YES;
				ONLY_ACTIVE_ARCH = YES;
				SDKROOT = iphoneos;
				SWIFT_ACTIVE_COMPILATION_CONDITIONS = DEBUG;
				SWIFT_OPTIMIZATION_LEVEL = "-Onone";
			};
			name = Debug;
		};
		B911F084215D699800A86318 /* Release */ = {
			isa = XCBuildConfiguration;
			buildSettings = {
				ALWAYS_SEARCH_USER_PATHS = NO;
				CLANG_ANALYZER_NONNULL = YES;
				CLANG_ANALYZER_NUMBER_OBJECT_CONVERSION = YES_AGGRESSIVE;
				CLANG_CXX_LANGUAGE_STANDARD = "gnu++14";
				CLANG_CXX_LIBRARY = "libc++";
				CLANG_ENABLE_MODULES = YES;
				CLANG_ENABLE_OBJC_ARC = YES;
				CLANG_ENABLE_OBJC_WEAK = YES;
				CLANG_WARN_BLOCK_CAPTURE_AUTORELEASING = YES;
				CLANG_WARN_BOOL_CONVERSION = YES;
				CLANG_WARN_COMMA = YES;
				CLANG_WARN_CONSTANT_CONVERSION = YES;
				CLANG_WARN_DEPRECATED_OBJC_IMPLEMENTATIONS = YES;
				CLANG_WARN_DIRECT_OBJC_ISA_USAGE = YES_ERROR;
				CLANG_WARN_DOCUMENTATION_COMMENTS = YES;
				CLANG_WARN_EMPTY_BODY = YES;
				CLANG_WARN_ENUM_CONVERSION = YES;
				CLANG_WARN_INFINITE_RECURSION = YES;
				CLANG_WARN_INT_CONVERSION = YES;
				CLANG_WARN_NON_LITERAL_NULL_CONVERSION = YES;
				CLANG_WARN_OBJC_IMPLICIT_RETAIN_SELF = YES;
				CLANG_WARN_OBJC_LITERAL_CONVERSION = YES;
				CLANG_WARN_OBJC_ROOT_CLASS = YES_ERROR;
				CLANG_WARN_RANGE_LOOP_ANALYSIS = YES;
				CLANG_WARN_STRICT_PROTOTYPES = YES;
				CLANG_WARN_SUSPICIOUS_MOVE = YES;
				CLANG_WARN_UNGUARDED_AVAILABILITY = YES_AGGRESSIVE;
				CLANG_WARN_UNREACHABLE_CODE = YES;
				CLANG_WARN__DUPLICATE_METHOD_MATCH = YES;
				CODE_SIGN_IDENTITY = "iPhone Developer";
				COPY_PHASE_STRIP = NO;
				DEBUG_INFORMATION_FORMAT = "dwarf-with-dsym";
				ENABLE_NS_ASSERTIONS = NO;
				ENABLE_STRICT_OBJC_MSGSEND = YES;
				GCC_C_LANGUAGE_STANDARD = gnu11;
				GCC_NO_COMMON_BLOCKS = YES;
				GCC_WARN_64_TO_32_BIT_CONVERSION = YES;
				GCC_WARN_ABOUT_RETURN_TYPE = YES_ERROR;
				GCC_WARN_UNDECLARED_SELECTOR = YES;
				GCC_WARN_UNINITIALIZED_AUTOS = YES_AGGRESSIVE;
				GCC_WARN_UNUSED_FUNCTION = YES;
				GCC_WARN_UNUSED_VARIABLE = YES;
				IPHONEOS_DEPLOYMENT_TARGET = 11.4;
				MTL_ENABLE_DEBUG_INFO = NO;
				SDKROOT = iphoneos;
				SWIFT_COMPILATION_MODE = wholemodule;
				SWIFT_OPTIMIZATION_LEVEL = "-O";
				VALIDATE_PRODUCT = YES;
			};
			name = Release;
		};
		B911F086215D699800A86318 /* Debug */ = {
			isa = XCBuildConfiguration;
			buildSettings = {
				ASSETCATALOG_COMPILER_APPICON_NAME = AppIcon;
				CODE_SIGN_STYLE = Automatic;
				INFOPLIST_FILE = "20180927-TurzoEsfar-NYCSchools/Info.plist";
				LD_RUNPATH_SEARCH_PATHS = (
					"$(inherited)",
					"@executable_path/Frameworks",
				);
				PRODUCT_BUNDLE_IDENTIFIER = "None.-0180927-TurzoEsfar-NYCSchools";
				PRODUCT_NAME = "$(TARGET_NAME)";
				SWIFT_VERSION = 4.0;
				TARGETED_DEVICE_FAMILY = "1,2";
			};
			name = Debug;
		};
		B911F087215D699800A86318 /* Release */ = {
			isa = XCBuildConfiguration;
			buildSettings = {
				ASSETCATALOG_COMPILER_APPICON_NAME = AppIcon;
				CODE_SIGN_STYLE = Automatic;
				INFOPLIST_FILE = "20180927-TurzoEsfar-NYCSchools/Info.plist";
				LD_RUNPATH_SEARCH_PATHS = (
					"$(inherited)",
					"@executable_path/Frameworks",
				);
				PRODUCT_BUNDLE_IDENTIFIER = "None.-0180927-TurzoEsfar-NYCSchools";
				PRODUCT_NAME = "$(TARGET_NAME)";
				SWIFT_VERSION = 4.0;
				TARGETED_DEVICE_FAMILY = "1,2";
			};
			name = Release;
		};
		B911F089215D699800A86318 /* Debug */ = {
			isa = XCBuildConfiguration;
			buildSettings = {
				ALWAYS_EMBED_SWIFT_STANDARD_LIBRARIES = YES;
				BUNDLE_LOADER = "$(TEST_HOST)";
				CODE_SIGN_STYLE = Automatic;
				INFOPLIST_FILE = "20180927-TurzoEsfar-NYCSchoolsTests/Info.plist";
				LD_RUNPATH_SEARCH_PATHS = (
					"$(inherited)",
					"@executable_path/Frameworks",
					"@loader_path/Frameworks",
				);
				PRODUCT_BUNDLE_IDENTIFIER = "None.-0180927-TurzoEsfar-NYCSchoolsTests";
				PRODUCT_NAME = "$(TARGET_NAME)";
				SWIFT_VERSION = 4.0;
				TARGETED_DEVICE_FAMILY = "1,2";
				TEST_HOST = "$(BUILT_PRODUCTS_DIR)/20180927-TurzoEsfar-NYCSchools.app/20180927-TurzoEsfar-NYCSchools";
			};
			name = Debug;
		};
		B911F08A215D699800A86318 /* Release */ = {
			isa = XCBuildConfiguration;
			buildSettings = {
				ALWAYS_EMBED_SWIFT_STANDARD_LIBRARIES = YES;
				BUNDLE_LOADER = "$(TEST_HOST)";
				CODE_SIGN_STYLE = Automatic;
				INFOPLIST_FILE = "20180927-TurzoEsfar-NYCSchoolsTests/Info.plist";
				LD_RUNPATH_SEARCH_PATHS = (
					"$(inherited)",
					"@executable_path/Frameworks",
					"@loader_path/Frameworks",
				);
				PRODUCT_BUNDLE_IDENTIFIER = "None.-0180927-TurzoEsfar-NYCSchoolsTests";
				PRODUCT_NAME = "$(TARGET_NAME)";
				SWIFT_VERSION = 4.0;
				TARGETED_DEVICE_FAMILY = "1,2";
				TEST_HOST = "$(BUILT_PRODUCTS_DIR)/20180927-TurzoEsfar-NYCSchools.app/20180927-TurzoEsfar-NYCSchools";
			};
			name = Release;
		};
/* End XCBuildConfiguration section */

/* Begin XCConfigurationList section */
		B911F063215D699200A86318 /* Build configuration list for PBXProject "20180927-TurzoEsfar-NYCSchools" */ = {
			isa = XCConfigurationList;
			buildConfigurations = (
				B911F083215D699800A86318 /* Debug */,
				B911F084215D699800A86318 /* Release */,
			);
			defaultConfigurationIsVisible = 0;
			defaultConfigurationName = Release;
		};
		B911F085215D699800A86318 /* Build configuration list for PBXNativeTarget "20180927-TurzoEsfar-NYCSchools" */ = {
			isa = XCConfigurationList;
			buildConfigurations = (
				B911F086215D699800A86318 /* Debug */,
				B911F087215D699800A86318 /* Release */,
			);
			defaultConfigurationIsVisible = 0;
			defaultConfigurationName = Release;
		};
		B911F088215D699800A86318 /* Build configuration list for PBXNativeTarget "20180927-TurzoEsfar-NYCSchoolsTests" */ = {
			isa = XCConfigurationList;
			buildConfigurations = (
				B911F089215D699800A86318 /* Debug */,
				B911F08A215D699800A86318 /* Release */,
			);
			defaultConfigurationIsVisible = 0;
			defaultConfigurationName = Release;
		};
/* End XCConfigurationList section */
	};
	rootObject = B911F060215D699200A86318 /* Project object */;
}
